
Microsoft Visual Studio Solution File, Format Version 12.00
# Visual Studio Version 17
VisualStudioVersion = 17.4.33110.190
MinimumVisualStudioVersion = 10.0.40219.1
Project("{FAE04EC0-301F-11D3-BF4B-00C04F79EFBC}") = "HOME3", "HOME3.csproj", "{BCB60DFA-E57B-4C13-AADD-19327281EFFE}"
EndProject
Global
	GlobalSection(SolutionConfigurationPlatforms) = preSolution
		Debug|Any CPU = Debug|Any CPU
		Release|Any CPU = Release|Any CPU
	EndGlobalSection
	GlobalSection(ProjectConfigurationPlatforms) = postSolution
		{BCB60DFA-E57B-4C13-AADD-19327281EFFE}.Debug|Any CPU.ActiveCfg = Debug|Any CPU
		{BCB60DFA-E57B-4C13-AADD-19327281EFFE}.Debug|Any CPU.Build.0 = Debug|Any CPU
		{BCB60DFA-E57B-4C13-AADD-19327281EFFE}.Release|Any CPU.ActiveCfg = Release|Any CPU
		{BCB60DFA-E57B-4C13-AADD-19327281EFFE}.Release|Any CPU.Build.0 = Release|Any CPU
	EndGlobalSection
	GlobalSection(SolutionProperties) = preSolution
		HideSolutionNode = FALSE
	EndGlobalSection
	GlobalSection(ExtensibilityGlobals) = postSolution
		SolutionGuid = {C8F820D4-C273-4696-8020-9718CDF5ED4A}
	EndGlobalSection
EndGlobal
